<?xml version="1.0" encoding="utf-8"?>
<Project ToolsVersion="4.0" xmlns="http://schemas.microsoft.com/developer/msbuild/2003">
  <ItemGroup>
    <Filter Include="TargetFile_Command_x64">
      <UniqueIdentifier>{aaa05c23-c991-4469-a20e-bc34bbddac2b}</UniqueIdentifier>
    </Filter>
    <Filter Include="TargetFile_Command">
      <UniqueIdentifier>{e31d5d50-dd8f-4630-b86f-d3ffb4d7e2dd}</UniqueIdentifier>
    </Filter>
    <Filter Include="TargetFile_Project">
      <UniqueIdentifier>{28abe17f-66bc-4dbc-88ec-5988eaae9b8c}</UniqueIdentifier>
    </Filter>
    <Filter Include="Header Files">
      <UniqueIdentifier>{93995380-89BD-4b04-88EB-625FBE52EBFB}</UniqueIdentifier>
      <Extensions>h;hh;hpp;hxx;hm;inl;inc;xsd</Extensions>
    </Filter>
    <Filter Include="Source Files">
      <UniqueIdentifier>{4FC737F1-C7A5-4376-A066-2A32D752A2FF}</UniqueIdentifier>
      <Extensions>cpp;c;cc;cxx;def;odl;idl;hpj;bat;asm;asmx</Extensions>
    </Filter>
  </ItemGroup>
  <ItemGroup>
    <ClInclude Include="gameroomparameter.h">
      <Filter>Header Files</Filter>
    </ClInclude>
  </ItemGroup>
  <ItemGroup>
    <ClCompile Include="main.cpp">
      <Filter>Source Files</Filter>
    </ClCompile>
  </ItemGroup>
  <ItemGroup>
    <None Include="xxx.sql">
      <Filter>TargetFile_Project</Filter>
    </None>
    <None Include="..\Debug\xxx.sql">
      <Filter>TargetFile_Command</Filter>
    </None>
    <None Include="..\x64\Debug\xxx.sql">
      <Filter>TargetFile_Command_x64</Filter>
    </None>
  </ItemGroup>
</Project>